// !$*UTF8*$!
{
	archiveVersion = 1;
	classes = {
	};
	objectVersion = 55;
	objects = {

/* Begin PBXBuildFile section */
		532268262820294300981CAE /* BaseViewController.swift in Sources */ = {isa = PBXBuildFile; fileRef = 532268252820294300981CAE /* BaseViewController.swift */; };
		53226832282054B600981CAE /* DelegateViewController.swift in Sources */ = {isa = PBXBuildFile; fileRef = 53226831282054B600981CAE /* DelegateViewController.swift */; };
		532268342820587C00981CAE /* DelegateViewController_URLSessionDelegate.swift in Sources */ = {isa = PBXBuildFile; fileRef = 532268332820587C00981CAE /* DelegateViewController_URLSessionDelegate.swift */; };
		5322683628205B5400981CAE /* Constant.swift in Sources */ = {isa = PBXBuildFile; fileRef = 5322683528205B5400981CAE /* Constant.swift */; };
		5322683828205CB200981CAE /* CallbackViewController.swift in Sources */ = {isa = PBXBuildFile; fileRef = 5322683728205CB200981CAE /* CallbackViewController.swift */; };
		5322683A2820612600981CAE /* String+LocalizedError.swift in Sources */ = {isa = PBXBuildFile; fileRef = 532268392820612600981CAE /* String+LocalizedError.swift */; };
		53F7F8A8281FF89900199BA0 /* AppDelegate.swift in Sources */ = {isa = PBXBuildFile; fileRef = 53F7F8A7281FF89900199BA0 /* AppDelegate.swift */; };
		53F7F8AA281FF89900199BA0 /* SceneDelegate.swift in Sources */ = {isa = PBXBuildFile; fileRef = 53F7F8A9281FF89900199BA0 /* SceneDelegate.swift */; };
		53F7F8B1281FF89B00199BA0 /* Assets.xcassets in Resources */ = {isa = PBXBuildFile; fileRef = 53F7F8B0281FF89B00199BA0 /* Assets.xcassets */; };
		53F7F8B4281FF89B00199BA0 /* LaunchScreen.storyboard in Resources */ = {isa = PBXBuildFile; fileRef = 53F7F8B2281FF89B00199BA0 /* LaunchScreen.storyboard */; };
/* End PBXBuildFile section */

/* Begin PBXFileReference section */
		532268252820294300981CAE /* BaseViewController.swift */ = {isa = PBXFileReference; lastKnownFileType = sourcecode.swift; path = BaseViewController.swift; sourceTree = "<group>"; };
		53226831282054B600981CAE /* DelegateViewController.swift */ = {isa = PBXFileReference; lastKnownFileType = sourcecode.swift; path = DelegateViewController.swift; sourceTree = "<group>"; };
		532268332820587C00981CAE /* DelegateViewController_URLSessionDelegate.swift */ = {isa = PBXFileReference; lastKnownFileType = sourcecode.swift; path = DelegateViewController_URLSessionDelegate.swift; sourceTree = "<group>"; };
		5322683528205B5400981CAE /* Constant.swift */ = {isa = PBXFileReference; lastKnownFileType = sourcecode.swift; path = Constant.swift; sourceTree = "<group>"; };
		5322683728205CB200981CAE /* CallbackViewController.swift */ = {isa = PBXFileReference; lastKnownFileType = sourcecode.swift; path = CallbackViewController.swift; sourceTree = "<group>"; };
		532268392820612600981CAE /* String+LocalizedError.swift */ = {isa = PBXFileReference; lastKnownFileType = sourcecode.swift; path = "String+LocalizedError.swift"; sourceTree = "<group>"; };
		53F7F8A4281FF89900199BA0 /* AsyncAwaitTest_5.app */ = {isa = PBXFileReference; explicitFileType = wrapper.application; includeInIndex = 0; path = AsyncAwaitTest_5.app; sourceTree = BUILT_PRODUCTS_DIR; };
		53F7F8A7281FF89900199BA0 /* AppDelegate.swift */ = {isa = PBXFileReference; lastKnownFileType = sourcecode.swift; path = AppDelegate.swift; sourceTree = "<group>"; };
		53F7F8A9281FF89900199BA0 /* SceneDelegate.swift */ = {isa = PBXFileReference; lastKnownFileType = sourcecode.swift; path = SceneDelegate.swift; sourceTree = "<group>"; };
		53F7F8B0281FF89B00199BA0 /* Assets.xcassets */ = {isa = PBXFileReference; lastKnownFileType = folder.assetcatalog; path = Assets.xcassets; sourceTree = "<group>"; };
		53F7F8B3281FF89B00199BA0 /* Base */ = {isa = PBXFileReference; lastKnownFileType = file.storyboard; name = Base; path = Base.lproj/LaunchScreen.storyboard; sourceTree = "<group>"; };
		53F7F8B5281FF89B00199BA0 /* Info.plist */ = {isa = PBXFileReference; lastKnownFileType = text.plist.xml; path = Info.plist; sourceTree = "<group>"; };
/* End PBXFileReference section */

/* Begin PBXFrameworksBuildPhase section */
		53F7F8A1281FF89900199BA0 /* Frameworks */ = {
			isa = PBXFrameworksBuildPhase;
			buildActionMask = 2147483647;
			files = (
			);
			runOnlyForDeploymentPostprocessing = 0;
		};
/* End PBXFrameworksBuildPhase section */

/* Begin PBXGroup section */
		53E2C4682820624D00CED28A /* Utils */ = {
			isa = PBXGroup;
			children = (
				532268252820294300981CAE /* BaseViewController.swift */,
				532268392820612600981CAE /* String+LocalizedError.swift */,
				5322683528205B5400981CAE /* Constant.swift */,
			);
			path = Utils;
			sourceTree = "<group>";
		};
		53E2C4692820626200CED28A /* Delegate */ = {
			isa = PBXGroup;
			children = (
				53226831282054B600981CAE /* DelegateViewController.swift */,
				532268332820587C00981CAE /* DelegateViewController_URLSessionDelegate.swift */,
			);
			path = Delegate;
			sourceTree = "<group>";
		};
		53E2C46A2820626700CED28A /* Callback */ = {
			isa = PBXGroup;
			children = (
				5322683728205CB200981CAE /* CallbackViewController.swift */,
			);
			path = Callback;
			sourceTree = "<group>";
		};
		53F7F89B281FF89900199BA0 = {
			isa = PBXGroup;
			children = (
				53F7F8A6281FF89900199BA0 /* AsyncAwaitTest_5 */,
				53F7F8A5281FF89900199BA0 /* Products */,
			);
			sourceTree = "<group>";
		};
		53F7F8A5281FF89900199BA0 /* Products */ = {
			isa = PBXGroup;
			children = (
				53F7F8A4281FF89900199BA0 /* AsyncAwaitTest_5.app */,
			);
			name = Products;
			sourceTree = "<group>";
		};
		53F7F8A6281FF89900199BA0 /* AsyncAwaitTest_5 */ = {
			isa = PBXGroup;
			children = (
				53F7F8A7281FF89900199BA0 /* AppDelegate.swift */,
				53F7F8A9281FF89900199BA0 /* SceneDelegate.swift */,
				53F7F8B0281FF89B00199BA0 /* Assets.xcassets */,
				53F7F8B2281FF89B00199BA0 /* LaunchScreen.storyboard */,
				53F7F8B5281FF89B00199BA0 /* Info.plist */,
				53E2C4692820626200CED28A /* Delegate */,
				53E2C46A2820626700CED28A /* Callback */,
				53E2C4682820624D00CED28A /* Utils */,
			);
			path = AsyncAwaitTest_5;
			sourceTree = "<group>";
		};
/* End PBXGroup section */

/* Begin PBXNativeTarget section */
		53F7F8A3281FF89900199BA0 /* AsyncAwaitTest_5 */ = {
			isa = PBXNativeTarget;
			buildConfigurationList = 53F7F8B8281FF89B00199BA0 /* Build configuration list for PBXNativeTarget "AsyncAwaitTest_5" */;
			buildPhases = (
				53F7F8A0281FF89900199BA0 /* Sources */,
				53F7F8A1281FF89900199BA0 /* Frameworks */,
				53F7F8A2281FF89900199BA0 /* Resources */,
			);
			buildRules = (
			);
			dependencies = (
			);
			name = AsyncAwaitTest_5;
			productName = AsyncAwaitTest_5;
			productReference = 53F7F8A4281FF89900199BA0 /* AsyncAwaitTest_5.app */;
			productType = "com.apple.product-type.application";
		};
/* End PBXNativeTarget section */

/* Begin PBXProject section */
		53F7F89C281FF89900199BA0 /* Project object */ = {
			isa = PBXProject;
			attributes = {
				BuildIndependentTargetsInParallel = 1;
				LastSwiftUpdateCheck = 1300;
				LastUpgradeCheck = 1300;
				TargetAttributes = {
					53F7F8A3281FF89900199BA0 = {
						CreatedOnToolsVersion = 13.0;
					};
				};
			};
			buildConfigurationList = 53F7F89F281FF89900199BA0 /* Build configuration list for PBXProject "AsyncAwaitTest_5" */;
			compatibilityVersion = "Xcode 13.0";
			developmentRegion = en;
			hasScannedForEncodings = 0;
			knownRegions = (
				en,
				Base,
			);
			mainGroup = 53F7F89B281FF89900199BA0;
			productRefGroup = 53F7F8A5281FF89900199BA0 /* Products */;
			projectDirPath = "";
			projectRoot = "";
			targets = (
				53F7F8A3281FF89900199BA0 /* AsyncAwaitTest_5 */,
			);
		};
/* End PBXProject section */

/* Begin PBXResourcesBuildPhase section */
		53F7F8A2281FF89900199BA0 /* Resources */ = {
			isa = PBXResourcesBuildPhase;
			buildActionMask = 2147483647;
			files = (
				53F7F8B4281FF89B00199BA0 /* LaunchScreen.storyboard in Resources */,
				53F7F8B1281FF89B00199BA0 /* Assets.xcassets in Resources */,
			);
			runOnlyForDeploymentPostprocessing = 0;
		};
/* End PBXResourcesBuildPhase section */

/* Begin PBXSourcesBuildPhase section */
		53F7F8A0281FF89900199BA0 /* Sources */ = {
			isa = PBXSourcesBuildPhase;
			buildActionMask = 2147483647;
			files = (
				53F7F8A8281FF89900199BA0 /* AppDelegate.swift in Sources */,
				5322683A2820612600981CAE /* String+LocalizedError.swift in Sources */,
				5322683628205B5400981CAE /* Constant.swift in Sources */,
				5322683828205CB200981CAE /* CallbackViewController.swift in Sources */,
				53226832282054B600981CAE /* DelegateViewController.swift in Sources */,
				532268342820587C00981CAE /* DelegateViewController_URLSessionDelegate.swift in Sources */,
				53F7F8AA281FF89900199BA0 /* SceneDelegate.swift in Sources */,
				532268262820294300981CAE /* BaseViewController.swift in Sources */,
			);
			runOnlyForDeploymentPostprocessing = 0;
		};
/* End PBXSourcesBuildPhase section */

/* Begin PBXVariantGroup section */
		53F7F8B2281FF89B00199BA0 /* LaunchScreen.storyboard */ = {
			isa = PBXVariantGroup;
			children = (
				53F7F8B3281FF89B00199BA0 /* Base */,
			);
			name = LaunchScreen.storyboard;
			sourceTree = "<group>";
		};
/* End PBXVariantGroup section */

/* Begin XCBuildConfiguration section */
		53F7F8B6281FF89B00199BA0 /* Debug */ = {
			isa = XCBuildConfiguration;
			buildSettings = {
				ALWAYS_SEARCH_USER_PATHS = NO;
				CLANG_ANALYZER_NONNULL = YES;
				CLANG_ANALYZER_NUMBER_OBJECT_CONVERSION = YES_AGGRESSIVE;
				CLANG_CXX_LANGUAGE_STANDARD = "gnu++17";
				CLANG_CXX_LIBRARY = "libc++";
				CLANG_ENABLE_MODULES = YES;
				CLANG_ENABLE_OBJC_ARC = YES;
				CLANG_ENABLE_OBJC_WEAK = YES;
				CLANG_WARN_BLOCK_CAPTURE_AUTORELEASING = YES;
				CLANG_WARN_BOOL_CONVERSION = YES;
				CLANG_WARN_COMMA = YES;
				CLANG_WARN_CONSTANT_CONVERSION = YES;
				CLANG_WARN_DEPRECATED_OBJC_IMPLEMENTATIONS = YES;
				CLANG_WARN_DIRECT_OBJC_ISA_USAGE = YES_ERROR;
				CLANG_WARN_DOCUMENTATION_COMMENTS = YES;
				CLANG_WARN_EMPTY_BODY = YES;
				CLANG_WARN_ENUM_CONVERSION = YES;
				CLANG_WARN_INFINITE_RECURSION = YES;
				CLANG_WARN_INT_CONVERSION = YES;
				CLANG_WARN_NON_LITERAL_NULL_CONVERSION = YES;
				CLANG_WARN_OBJC_IMPLICIT_RETAIN_SELF = YES;
				CLANG_WARN_OBJC_LITERAL_CONVERSION = YES;
				CLANG_WARN_OBJC_ROOT_CLASS = YES_ERROR;
				CLANG_WARN_QUOTED_INCLUDE_IN_FRAMEWORK_HEADER = YES;
				CLANG_WARN_RANGE_LOOP_ANALYSIS = YES;
				CLANG_WARN_STRICT_PROTOTYPES = YES;
				CLANG_WARN_SUSPICIOUS_MOVE = YES;
				CLANG_WARN_UNGUARDED_AVAILABILITY = YES_AGGRESSIVE;
				CLANG_WARN_UNREACHABLE_CODE = YES;
				CLANG_WARN__DUPLICATE_METHOD_MATCH = YES;
				COPY_PHASE_STRIP = NO;
				DEBUG_INFORMATION_FORMAT = dwarf;
				ENABLE_STRICT_OBJC_MSGSEND = YES;
				ENABLE_TESTABILITY = YES;
				GCC_C_LANGUAGE_STANDARD = gnu11;
				GCC_DYNAMIC_NO_PIC = NO;
				GCC_NO_COMMON_BLOCKS = YES;
				GCC_OPTIMIZATION_LEVEL = 0;
				GCC_PREPROCESSOR_DEFINITIONS = (
					"DEBUG=1",
					"$(inherited)",
				);
				GCC_WARN_64_TO_32_BIT_CONVERSION = YES;
				GCC_WARN_ABOUT_RETURN_TYPE = YES_ERROR;
				GCC_WARN_UNDECLARED_SELECTOR = YES;
				GCC_WARN_UNINITIALIZED_AUTOS = YES_AGGRESSIVE;
				GCC_WARN_UNUSED_FUNCTION = YES;
				GCC_WARN_UNUSED_VARIABLE = YES;
				IPHONEOS_DEPLOYMENT_TARGET = 15.0;
				MTL_ENABLE_DEBUG_INFO = INCLUDE_SOURCE;
				MTL_FAST_MATH = YES;
				ONLY_ACTIVE_ARCH = YES;
				SDKROOT = iphoneos;
				SWIFT_ACTIVE_COMPILATION_CONDITIONS = DEBUG;
				SWIFT_OPTIMIZATION_LEVEL = "-Onone";
			};
			name = Debug;
		};
		53F7F8B7281FF89B00199BA0 /* Release */ = {
			isa = XCBuildConfiguration;
			buildSettings = {
				ALWAYS_SEARCH_USER_PATHS = NO;
				CLANG_ANALYZER_NONNULL = YES;
				CLANG_ANALYZER_NUMBER_OBJECT_CONVERSION = YES_AGGRESSIVE;
				CLANG_CXX_LANGUAGE_STANDARD = "gnu++17";
				CLANG_CXX_LIBRARY = "libc++";
				CLANG_ENABLE_MODULES = YES;
				CLANG_ENABLE_OBJC_ARC = YES;
				CLANG_ENABLE_OBJC_WEAK = YES;
				CLANG_WARN_BLOCK_CAPTURE_AUTORELEASING = YES;
				CLANG_WARN_BOOL_CONVERSION = YES;
				CLANG_WARN_COMMA = YES;
				CLANG_WARN_CONSTANT_CONVERSION = YES;
				CLANG_WARN_DEPRECATED_OBJC_IMPLEMENTATIONS = YES;
				CLANG_WARN_DIRECT_OBJC_ISA_USAGE = YES_ERROR;
				CLANG_WARN_DOCUMENTATION_COMMENTS = YES;
				CLANG_WARN_EMPTY_BODY = YES;
				CLANG_WARN_ENUM_CONVERSION = YES;
				CLANG_WARN_INFINITE_RECURSION = YES;
				CLANG_WARN_INT_CONVERSION = YES;
				CLANG_WARN_NON_LITERAL_NULL_CONVERSION = YES;
				CLANG_WARN_OBJC_IMPLICIT_RETAIN_SELF = YES;
				CLANG_WARN_OBJC_LITERAL_CONVERSION = YES;
				CLANG_WARN_OBJC_ROOT_CLASS = YES_ERROR;
				CLANG_WARN_QUOTED_INCLUDE_IN_FRAMEWORK_HEADER = YES;
				CLANG_WARN_RANGE_LOOP_ANALYSIS = YES;
				CLANG_WARN_STRICT_PROTOTYPES = YES;
				CLANG_WARN_SUSPICIOUS_MOVE = YES;
				CLANG_WARN_UNGUARDED_AVAILABILITY = YES_AGGRESSIVE;
				CLANG_WARN_UNREACHABLE_CODE = YES;
				CLANG_WARN__DUPLICATE_METHOD_MATCH = YES;
				COPY_PHASE_STRIP = NO;
				DEBUG_INFORMATION_FORMAT = "dwarf-with-dsym";
				ENABLE_NS_ASSERTIONS = NO;
				ENABLE_STRICT_OBJC_MSGSEND = YES;
				GCC_C_LANGUAGE_STANDARD = gnu11;
				GCC_NO_COMMON_BLOCKS = YES;
				GCC_WARN_64_TO_32_BIT_CONVERSION = YES;
				GCC_WARN_ABOUT_RETURN_TYPE = YES_ERROR;
				GCC_WARN_UNDECLARED_SELECTOR = YES;
				GCC_WARN_UNINITIALIZED_AUTOS = YES_AGGRESSIVE;
				GCC_WARN_UNUSED_FUNCTION = YES;
				GCC_WARN_UNUSED_VARIABLE = YES;
				IPHONEOS_DEPLOYMENT_TARGET = 15.0;
				MTL_ENABLE_DEBUG_INFO = NO;
				MTL_FAST_MATH = YES;
				SDKROOT = iphoneos;
				SWIFT_COMPILATION_MODE = wholemodule;
				SWIFT_OPTIMIZATION_LEVEL = "-O";
				VALIDATE_PRODUCT = YES;
			};
			name = Release;
		};
		53F7F8B9281FF89B00199BA0 /* Debug */ = {
			isa = XCBuildConfiguration;
			buildSettings = {
				ASSETCATALOG_COMPILER_APPICON_NAME = AppIcon;
				ASSETCATALOG_COMPILER_GLOBAL_ACCENT_COLOR_NAME = AccentColor;
				CODE_SIGN_STYLE = Automatic;
				CURRENT_PROJECT_VERSION = 1;
				DEVELOPMENT_TEAM = H72PKRH3PM;
				GENERATE_INFOPLIST_FILE = YES;
				INFOPLIST_FILE = AsyncAwaitTest_5/Info.plist;
				INFOPLIST_KEY_UIApplicationSupportsIndirectInputEvents = YES;
				INFOPLIST_KEY_UILaunchStoryboardName = LaunchScreen;
				INFOPLIST_KEY_UISupportedInterfaceOrientations_iPad = "UIInterfaceOrientationPortrait UIInterfaceOrientationPortraitUpsideDown UIInterfaceOrientationLandscapeLeft UIInterfaceOrientationLandscapeRight";
				INFOPLIST_KEY_UISupportedInterfaceOrientations_iPhone = "UIInterfaceOrientationPortrait UIInterfaceOrientationLandscapeLeft UIInterfaceOrientationLandscapeRight";
				LD_RUNPATH_SEARCH_PATHS = (
					"$(inherited)",
					"@executable_path/Frameworks",
				);
				MARKETING_VERSION = 1.0;
				PRODUCT_BUNDLE_IDENTIFIER = "gyuni.AsyncAwaitTest-5";
				PRODUCT_NAME = "$(TARGET_NAME)";
				SWIFT_EMIT_LOC_STRINGS = YES;
				SWIFT_VERSION = 5.0;
				TARGETED_DEVICE_FAMILY = "1,2";
			};
			name = Debug;
		};
		53F7F8BA281FF89B00199BA0 /* Release */ = {
			isa = XCBuildConfiguration;
			buildSettings = {
				ASSETCATALOG_COMPILER_APPICON_NAME = AppIcon;
				ASSETCATALOG_COMPILER_GLOBAL_ACCENT_COLOR_NAME = AccentColor;
				CODE_SIGN_STYLE = Automatic;
				CURRENT_PROJECT_VERSION = 1;
				DEVELOPMENT_TEAM = H72PKRH3PM;
				GENERATE_INFOPLIST_FILE = YES;
				INFOPLIST_FILE = AsyncAwaitTest_5/Info.plist;
				INFOPLIST_KEY_UIApplicationSupportsIndirectInputEvents = YES;
				INFOPLIST_KEY_UILaunchStoryboardName = LaunchScreen;
				INFOPLIST_KEY_UISupportedInterfaceOrientations_iPad = "UIInterfaceOrientationPortrait UIInterfaceOrientationPortraitUpsideDown UIInterfaceOrientationLandscapeLeft UIInterfaceOrientationLandscapeRight";
				INFOPLIST_KEY_UISupportedInterfaceOrientations_iPhone = "UIInterfaceOrientationPortrait UIInterfaceOrientationLandscapeLeft UIInterfaceOrientationLandscapeRight";
				LD_RUNPATH_SEARCH_PATHS = (
					"$(inherited)",
					"@executable_path/Frameworks",
				);
				MARKETING_VERSION = 1.0;
				PRODUCT_BUNDLE_IDENTIFIER = "gyuni.AsyncAwaitTest-5";
				PRODUCT_NAME = "$(TARGET_NAME)";
				SWIFT_EMIT_LOC_STRINGS = YES;
				SWIFT_VERSION = 5.0;
				TARGETED_DEVICE_FAMILY = "1,2";
			};
			name = Release;
		};
/* End XCBuildConfiguration section */

/* Begin XCConfigurationList section */
		53F7F89F281FF89900199BA0 /* Build configuration list for PBXProject "AsyncAwaitTest_5" */ = {
			isa = XCConfigurationList;
			buildConfigurations = (
				53F7F8B6281FF89B00199BA0 /* Debug */,
				53F7F8B7281FF89B00199BA0 /* Release */,
			);
			defaultConfigurationIsVisible = 0;
			defaultConfigurationName = Release;
		};
		53F7F8B8281FF89B00199BA0 /* Build configuration list for PBXNativeTarget "AsyncAwaitTest_5" */ = {
			isa = XCConfigurationList;
			buildConfigurations = (
				53F7F8B9281FF89B00199BA0 /* Debug */,
				53F7F8BA281FF89B00199BA0 /* Release */,
			);
			defaultConfigurationIsVisible = 0;
			defaultConfigurationName = Release;
		};
/* End XCConfigurationList section */
	};
	rootObject = 53F7F89C281FF89900199BA0 /* Project object */;
}
